
Microsoft Visual Studio Solution File, Format Version 12.00
Project("{FAE04EC0-301F-11D3-BF4B-00C04F79EFBC}") = "jwt-blog", "jwt-blog.csproj", "{44EA0BA7-2BCE-40E4-B8F5-BCAF392426BE}"
EndProject
Global
	GlobalSection(SolutionConfigurationPlatforms) = preSolution
		Debug|Any CPU = Debug|Any CPU
		Release|Any CPU = Release|Any CPU
	EndGlobalSection
	GlobalSection(ProjectConfigurationPlatforms) = postSolution
		{44EA0BA7-2BCE-40E4-B8F5-BCAF392426BE}.Debug|Any CPU.ActiveCfg = Debug|Any CPU
		{44EA0BA7-2BCE-40E4-B8F5-BCAF392426BE}.Debug|Any CPU.Build.0 = Debug|Any CPU
		{44EA0BA7-2BCE-40E4-B8F5-BCAF392426BE}.Release|Any CPU.ActiveCfg = Release|Any CPU
		{44EA0BA7-2BCE-40E4-B8F5-BCAF392426BE}.Release|Any CPU.Build.0 = Release|Any CPU
	EndGlobalSection
EndGlobal
